{
  "name": "top-g",
  "lockfileVersion": 3,
  "requires": true,
  "packages": {
    "": {
      "dependencies": {
        "@fontsource/firago": "^5.0.7"
      }
    },
    "node_modules/@fontsource/firago": {
      "version": "5.0.7",
      "resolved": "https://registry.npmjs.org/@fontsource/firago/-/firago-5.0.7.tgz",
      "integrity": "sha512-xuTYVOBSwev2IVp2dqgrnq3gABUnehn91Ii+R1TM5Jpvr86gCPrMxmqfL9fgpUb5r12u7U1LBVC20GypIy8jeg=="
    }
  }
}
